{
  "name": "acl",
  "version": "1.0.0",
  "lockfileVersion": 1,
  "requires": true,
  "dependencies": {
    "casbin": {
      "version": "2.0.0",
      "resolved": "https://registry.npmjs.org/casbin/-/casbin-2.0.0.tgz",
      "integrity": "sha512-KCqt7RdNYM7jUr0/LHHQ8LKOuoqHr1HvmCIG0MZqzLAo7VWRljpac6eQAXZwIo61vBRyBglla/Bf5NtgNDm01A==",
      "requires": {
        "expression-eval": "1.4.0",
        "ip": "1.1.5",
        "lodash": "4.17.11"
      }
    },
    "expression-eval": {
      "version": "1.4.0",
      "resolved": "https://registry.npmjs.org/expression-eval/-/expression-eval-1.4.0.tgz",
      "integrity": "sha512-CvpqG2feKjGcr+6NB/ZOA2csOeVL+2DSiWrF/4h0mrdYv4SxR2vCZhLHSst4Sp+xHtN/LQtPfi6i7K9EJwzRGw==",
      "requires": {
        "jsep": "0.3.4"
      }
    },
    "ip": {
      "version": "1.1.5",
      "resolved": "https://registry.npmjs.org/ip/-/ip-1.1.5.tgz",
      "integrity": "sha1-vd7XARQpCCjAoDnnLvJfWq7ENUo="
    },
    "jsep": {
      "version": "0.3.4",
      "resolved": "https://registry.npmjs.org/jsep/-/jsep-0.3.4.tgz",
      "integrity": "sha512-ovGD9wE+wvudIIYxZGrRcZCxNyZ3Cl1N7Bzyp7/j4d/tA0BaUwcVM9bu0oZaSrefMiNwv6TwZ9X15gvZosteCQ=="
    },
    "lodash": {
      "version": "4.17.11",
      "resolved": "https://registry.npmjs.org/lodash/-/lodash-4.17.11.tgz",
      "integrity": "sha512-cQKh8igo5QUhZ7lg38DYWAxMvjSAKG0A8wGSVimP07SIUEK2UO+arSRKbRZWtelMtN5V0Hkwh5ryOto/SshYIg=="
    }
  }
}
